
Microsoft Visual Studio Solution File, Format Version 12.00
# Visual Studio 15
VisualStudioVersion = 15.0.28307.2092
MinimumVisualStudioVersion = 10.0.40219.1
Project("{FAE04EC0-301F-11D3-BF4B-00C04F79EFBC}") = "BasicsCSharp", "BasicsCSharp\BasicsCSharp.csproj", "{8EBA8685-6E6C-4A71-801C-D814611F5D41}"
EndProject
Global
	GlobalSection(SolutionConfigurationPlatforms) = preSolution
		Debug|Any CPU = Debug|Any CPU
		Release|Any CPU = Release|Any CPU
	EndGlobalSection
	GlobalSection(ProjectConfigurationPlatforms) = postSolution
		{8EBA8685-6E6C-4A71-801C-D814611F5D41}.Debug|Any CPU.ActiveCfg = Debug|Any CPU
		{8EBA8685-6E6C-4A71-801C-D814611F5D41}.Debug|Any CPU.Build.0 = Debug|Any CPU
		{8EBA8685-6E6C-4A71-801C-D814611F5D41}.Release|Any CPU.ActiveCfg = Release|Any CPU
		{8EBA8685-6E6C-4A71-801C-D814611F5D41}.Release|Any CPU.Build.0 = Release|Any CPU
	EndGlobalSection
	GlobalSection(SolutionProperties) = preSolution
		HideSolutionNode = FALSE
	EndGlobalSection
	GlobalSection(ExtensibilityGlobals) = postSolution
		SolutionGuid = {6F66F680-6DD1-4FC2-BC9E-387489629EFC}
	EndGlobalSection
EndGlobal
