
Microsoft Visual Studio Solution File, Format Version 12.00
# Visual Studio 15
VisualStudioVersion = 15.0.28307.2092
MinimumVisualStudioVersion = 10.0.40219.1
Project("{FAE04EC0-301F-11D3-BF4B-00C04F79EFBC}") = "SampleFrameworksApp", "SampleFrameworksApp.csproj", "{07CBFA78-1C87-4696-8E46-F7FC820B7938}"
EndProject
Global
	GlobalSection(SolutionConfigurationPlatforms) = preSolution
		Debug|Any CPU = Debug|Any CPU
		Release|Any CPU = Release|Any CPU
	EndGlobalSection
	GlobalSection(ProjectConfigurationPlatforms) = postSolution
		{07CBFA78-1C87-4696-8E46-F7FC820B7938}.Debug|Any CPU.ActiveCfg = Debug|Any CPU
		{07CBFA78-1C87-4696-8E46-F7FC820B7938}.Debug|Any CPU.Build.0 = Debug|Any CPU
		{07CBFA78-1C87-4696-8E46-F7FC820B7938}.Release|Any CPU.ActiveCfg = Release|Any CPU
		{07CBFA78-1C87-4696-8E46-F7FC820B7938}.Release|Any CPU.Build.0 = Release|Any CPU
	EndGlobalSection
	GlobalSection(SolutionProperties) = preSolution
		HideSolutionNode = FALSE
	EndGlobalSection
	GlobalSection(ExtensibilityGlobals) = postSolution
		SolutionGuid = {64D19863-9E67-447F-B3F2-09F6EE186381}
	EndGlobalSection
EndGlobal
